
Microsoft Visual Studio Solution File, Format Version 12.00
# Visual Studio Version 17
VisualStudioVersion = 17.1.32414.318
MinimumVisualStudioVersion = 10.0.40219.1
Project("{FAE04EC0-301F-11D3-BF4B-00C04F79EFBC}") = "Frontend.Android", "Frontend\Frontend.Android\Frontend.Android.csproj", "{34E14D8F-FAC2-4EC0-8C77-21475917E9CD}"
EndProject
Project("{FAE04EC0-301F-11D3-BF4B-00C04F79EFBC}") = "Frontend.iOS", "Frontend\Frontend.iOS\Frontend.iOS.csproj", "{DB6C6484-64B3-4509-B785-0109E70A2B65}"
EndProject
Project("{9A19103F-16F7-4668-BE54-9A1E7A4F7556}") = "Frontend", "Frontend\Frontend\Frontend.csproj", "{2EE4116E-7F97-46BC-AEBC-FD67A8085669}"
EndProject
Project("{9A19103F-16F7-4668-BE54-9A1E7A4F7556}") = "Api", "Api\Api.csproj", "{A7A83BE3-CE00-449D-8C59-95EAEAF786EE}"
EndProject
Global
	GlobalSection(SolutionConfigurationPlatforms) = preSolution
		Debug|Any CPU = Debug|Any CPU
		Debug|iPhone = Debug|iPhone
		Debug|iPhoneSimulator = Debug|iPhoneSimulator
		Release|Any CPU = Release|Any CPU
		Release|iPhone = Release|iPhone
		Release|iPhoneSimulator = Release|iPhoneSimulator
	EndGlobalSection
	GlobalSection(ProjectConfigurationPlatforms) = postSolution
		{34E14D8F-FAC2-4EC0-8C77-21475917E9CD}.Debug|Any CPU.ActiveCfg = Debug|Any CPU
		{34E14D8F-FAC2-4EC0-8C77-21475917E9CD}.Debug|Any CPU.Build.0 = Debug|Any CPU
		{34E14D8F-FAC2-4EC0-8C77-21475917E9CD}.Debug|Any CPU.Deploy.0 = Debug|Any CPU
		{34E14D8F-FAC2-4EC0-8C77-21475917E9CD}.Debug|iPhone.ActiveCfg = Debug|Any CPU
		{34E14D8F-FAC2-4EC0-8C77-21475917E9CD}.Debug|iPhone.Build.0 = Debug|Any CPU
		{34E14D8F-FAC2-4EC0-8C77-21475917E9CD}.Debug|iPhone.Deploy.0 = Debug|Any CPU
		{34E14D8F-FAC2-4EC0-8C77-21475917E9CD}.Debug|iPhoneSimulator.ActiveCfg = Debug|Any CPU
		{34E14D8F-FAC2-4EC0-8C77-21475917E9CD}.Debug|iPhoneSimulator.Build.0 = Debug|Any CPU
		{34E14D8F-FAC2-4EC0-8C77-21475917E9CD}.Debug|iPhoneSimulator.Deploy.0 = Debug|Any CPU
		{34E14D8F-FAC2-4EC0-8C77-21475917E9CD}.Release|Any CPU.ActiveCfg = Release|Any CPU
		{34E14D8F-FAC2-4EC0-8C77-21475917E9CD}.Release|Any CPU.Build.0 = Release|Any CPU
		{34E14D8F-FAC2-4EC0-8C77-21475917E9CD}.Release|Any CPU.Deploy.0 = Release|Any CPU
		{34E14D8F-FAC2-4EC0-8C77-21475917E9CD}.Release|iPhone.ActiveCfg = Release|Any CPU
		{34E14D8F-FAC2-4EC0-8C77-21475917E9CD}.Release|iPhone.Build.0 = Release|Any CPU
		{34E14D8F-FAC2-4EC0-8C77-21475917E9CD}.Release|iPhone.Deploy.0 = Release|Any CPU
		{34E14D8F-FAC2-4EC0-8C77-21475917E9CD}.Release|iPhoneSimulator.ActiveCfg = Release|Any CPU
		{34E14D8F-FAC2-4EC0-8C77-21475917E9CD}.Release|iPhoneSimulator.Build.0 = Release|Any CPU
		{34E14D8F-FAC2-4EC0-8C77-21475917E9CD}.Release|iPhoneSimulator.Deploy.0 = Release|Any CPU
		{DB6C6484-64B3-4509-B785-0109E70A2B65}.Debug|Any CPU.ActiveCfg = Debug|iPhoneSimulator
		{DB6C6484-64B3-4509-B785-0109E70A2B65}.Debug|iPhone.ActiveCfg = Debug|iPhone
		{DB6C6484-64B3-4509-B785-0109E70A2B65}.Debug|iPhone.Build.0 = Debug|iPhone
		{DB6C6484-64B3-4509-B785-0109E70A2B65}.Debug|iPhoneSimulator.ActiveCfg = Debug|iPhoneSimulator
		{DB6C6484-64B3-4509-B785-0109E70A2B65}.Debug|iPhoneSimulator.Build.0 = Debug|iPhoneSimulator
		{DB6C6484-64B3-4509-B785-0109E70A2B65}.Release|Any CPU.ActiveCfg = Release|iPhoneSimulator
		{DB6C6484-64B3-4509-B785-0109E70A2B65}.Release|iPhone.ActiveCfg = Release|iPhone
		{DB6C6484-64B3-4509-B785-0109E70A2B65}.Release|iPhone.Build.0 = Release|iPhone
		{DB6C6484-64B3-4509-B785-0109E70A2B65}.Release|iPhoneSimulator.ActiveCfg = Release|iPhoneSimulator
		{DB6C6484-64B3-4509-B785-0109E70A2B65}.Release|iPhoneSimulator.Build.0 = Release|iPhoneSimulator
		{2EE4116E-7F97-46BC-AEBC-FD67A8085669}.Debug|Any CPU.ActiveCfg = Debug|Any CPU
		{2EE4116E-7F97-46BC-AEBC-FD67A8085669}.Debug|Any CPU.Build.0 = Debug|Any CPU
		{2EE4116E-7F97-46BC-AEBC-FD67A8085669}.Debug|iPhone.ActiveCfg = Debug|Any CPU
		{2EE4116E-7F97-46BC-AEBC-FD67A8085669}.Debug|iPhone.Build.0 = Debug|Any CPU
		{2EE4116E-7F97-46BC-AEBC-FD67A8085669}.Debug|iPhoneSimulator.ActiveCfg = Debug|Any CPU
		{2EE4116E-7F97-46BC-AEBC-FD67A8085669}.Debug|iPhoneSimulator.Build.0 = Debug|Any CPU
		{2EE4116E-7F97-46BC-AEBC-FD67A8085669}.Release|Any CPU.ActiveCfg = Release|Any CPU
		{2EE4116E-7F97-46BC-AEBC-FD67A8085669}.Release|Any CPU.Build.0 = Release|Any CPU
		{2EE4116E-7F97-46BC-AEBC-FD67A8085669}.Release|iPhone.ActiveCfg = Release|Any CPU
		{2EE4116E-7F97-46BC-AEBC-FD67A8085669}.Release|iPhone.Build.0 = Release|Any CPU
		{2EE4116E-7F97-46BC-AEBC-FD67A8085669}.Release|iPhoneSimulator.ActiveCfg = Release|Any CPU
		{2EE4116E-7F97-46BC-AEBC-FD67A8085669}.Release|iPhoneSimulator.Build.0 = Release|Any CPU
		{A7A83BE3-CE00-449D-8C59-95EAEAF786EE}.Debug|Any CPU.ActiveCfg = Debug|Any CPU
		{A7A83BE3-CE00-449D-8C59-95EAEAF786EE}.Debug|Any CPU.Build.0 = Debug|Any CPU
		{A7A83BE3-CE00-449D-8C59-95EAEAF786EE}.Debug|iPhone.ActiveCfg = Debug|Any CPU
		{A7A83BE3-CE00-449D-8C59-95EAEAF786EE}.Debug|iPhone.Build.0 = Debug|Any CPU
		{A7A83BE3-CE00-449D-8C59-95EAEAF786EE}.Debug|iPhoneSimulator.ActiveCfg = Debug|Any CPU
		{A7A83BE3-CE00-449D-8C59-95EAEAF786EE}.Debug|iPhoneSimulator.Build.0 = Debug|Any CPU
		{A7A83BE3-CE00-449D-8C59-95EAEAF786EE}.Release|Any CPU.ActiveCfg = Release|Any CPU
		{A7A83BE3-CE00-449D-8C59-95EAEAF786EE}.Release|Any CPU.Build.0 = Release|Any CPU
		{A7A83BE3-CE00-449D-8C59-95EAEAF786EE}.Release|iPhone.ActiveCfg = Release|Any CPU
		{A7A83BE3-CE00-449D-8C59-95EAEAF786EE}.Release|iPhone.Build.0 = Release|Any CPU
		{A7A83BE3-CE00-449D-8C59-95EAEAF786EE}.Release|iPhoneSimulator.ActiveCfg = Release|Any CPU
		{A7A83BE3-CE00-449D-8C59-95EAEAF786EE}.Release|iPhoneSimulator.Build.0 = Release|Any CPU
	EndGlobalSection
	GlobalSection(SolutionProperties) = preSolution
		HideSolutionNode = FALSE
	EndGlobalSection
	GlobalSection(ExtensibilityGlobals) = postSolution
		SolutionGuid = {CE4485F9-F490-4C30-8484-EB29E08D2030}
	EndGlobalSection
EndGlobal
