
Microsoft Visual Studio Solution File, Format Version 12.00
# Visual Studio Version 16
VisualStudioVersion = 16.0.30907.101
MinimumVisualStudioVersion = 10.0.40219.1
Project("{FAE04EC0-301F-11D3-BF4B-00C04F79EFBC}") = "Project_mobile_app", "Project_mobile_app\Project_mobile_app.csproj", "{AB14BE2A-3EE5-4A68-8155-C49ED50580D3}"
EndProject
Global
	GlobalSection(SolutionConfigurationPlatforms) = preSolution
		Debug|Any CPU = Debug|Any CPU
		Release|Any CPU = Release|Any CPU
	EndGlobalSection
	GlobalSection(ProjectConfigurationPlatforms) = postSolution
		{AB14BE2A-3EE5-4A68-8155-C49ED50580D3}.Debug|Any CPU.ActiveCfg = Debug|Any CPU
		{AB14BE2A-3EE5-4A68-8155-C49ED50580D3}.Debug|Any CPU.Build.0 = Debug|Any CPU
		{AB14BE2A-3EE5-4A68-8155-C49ED50580D3}.Release|Any CPU.ActiveCfg = Release|Any CPU
		{AB14BE2A-3EE5-4A68-8155-C49ED50580D3}.Release|Any CPU.Build.0 = Release|Any CPU
	EndGlobalSection
	GlobalSection(SolutionProperties) = preSolution
		HideSolutionNode = FALSE
	EndGlobalSection
	GlobalSection(ExtensibilityGlobals) = postSolution
		SolutionGuid = {CE4485F9-F490-4C30-8484-EB29E08D2030}
	EndGlobalSection
EndGlobal
